version: 6
environments:
  default:
    channels:
    - url: https://prefix.dev/pixi-build-backends/
    - url: https://prefix.dev/conda-forge/
    options:
      pypi-prerelease-mode: if-necessary-or-explicit
    packages:
      linux-64:
      - conda: https://prefix.dev/conda-forge/linux-64/_openmp_mutex-4.5-7_kmp_llvm.conda
      - conda: https://prefix.dev/conda-forge/linux-64/ampl-asl-1.0.0-h5888daf_2.conda
      - conda: https://prefix.dev/conda-forge/linux-64/binutils_impl_linux-64-2.45-default_hfdba357_105.conda
      - conda: https://prefix.dev/conda-forge/linux-64/binutils_linux-64-2.45-default_h4852527_105.conda
      - conda: https://prefix.dev/conda-forge/linux-64/bzip2-1.0.8-hda65f42_8.conda
      - conda: https://prefix.dev/conda-forge/linux-64/c-ares-1.34.6-hb03c661_0.conda
      - conda: https://prefix.dev/conda-forge/noarch/ca-certificates-2026.1.4-hbd8a1cb_0.conda
      - conda: https://prefix.dev/conda-forge/linux-64/cmake-4.2.1-hc85cc9f_0.conda
      - conda: https://prefix.dev/conda-forge/linux-64/gcc_impl_linux-64-15.2.0-hc5723f1_16.conda
      - conda: https://prefix.dev/conda-forge/linux-64/gcc_linux-64-15.2.0-h862fb80_17.conda
      - conda: https://prefix.dev/conda-forge/linux-64/gxx_impl_linux-64-15.2.0-hda75c37_16.conda
      - conda: https://prefix.dev/conda-forge/linux-64/gxx_linux-64-15.2.0-h2d7d49d_17.conda
      - conda: https://prefix.dev/conda-forge/linux-64/icu-78.1-h33c6efd_0.conda
      - conda: https://prefix.dev/conda-forge/linux-64/ipopt-3.14.19-h6c08d29_1.conda
      - conda: https://prefix.dev/conda-forge/noarch/kernel-headers_linux-64-4.18.0-he073ed8_9.conda
      - conda: https://prefix.dev/conda-forge/linux-64/keyutils-1.6.3-hb9d3cd8_0.conda
      - conda: https://prefix.dev/conda-forge/linux-64/krb5-1.21.3-h659f571_0.conda
      - conda: https://prefix.dev/conda-forge/linux-64/ld_impl_linux-64-2.45-default_hbd61a6d_105.conda
      - conda: https://prefix.dev/conda-forge/linux-64/libblas-3.11.0-5_h4a7cf45_openblas.conda
      - conda: https://prefix.dev/conda-forge/linux-64/libcblas-3.11.0-5_h0358290_openblas.conda
      - conda: https://prefix.dev/conda-forge/linux-64/libccd-double-2.1-h59595ed_3.conda
      - conda: https://prefix.dev/conda-forge/linux-64/libcurl-8.17.0-h4e3cde8_1.conda
      - conda: https://prefix.dev/conda-forge/linux-64/libedit-3.1.20250104-pl5321h7949ede_0.conda
      - conda: https://prefix.dev/conda-forge/linux-64/libev-4.33-hd590300_2.conda
      - conda: https://prefix.dev/conda-forge/linux-64/libexpat-2.7.3-hecca717_0.conda
      - conda: https://prefix.dev/conda-forge/linux-64/libffi-3.5.2-h9ec8514_0.conda
      - conda: https://prefix.dev/conda-forge/linux-64/libgcc-15.2.0-he0feb66_16.conda
      - conda: https://prefix.dev/conda-forge/noarch/libgcc-devel_linux-64-15.2.0-hcc6f6b0_116.conda
      - conda: https://prefix.dev/conda-forge/linux-64/libgcc-ng-15.2.0-h69a702a_16.conda
      - conda: https://prefix.dev/conda-forge/linux-64/libgfortran-15.2.0-h69a702a_16.conda
      - conda: https://prefix.dev/conda-forge/linux-64/libgfortran5-15.2.0-h68bc16d_16.conda
      - conda: https://prefix.dev/conda-forge/linux-64/libgomp-15.2.0-he0feb66_16.conda
      - conda: https://prefix.dev/conda-forge/linux-64/libhwloc-2.12.1-default_hafda6a7_1003.conda
      - conda: https://prefix.dev/conda-forge/linux-64/libiconv-1.18-h3b78370_2.conda
      - conda: https://prefix.dev/conda-forge/linux-64/liblapack-3.11.0-5_h47877c9_openblas.conda
      - conda: https://prefix.dev/conda-forge/linux-64/liblzma-5.8.1-hb9d3cd8_2.conda
      - conda: https://prefix.dev/conda-forge/linux-64/liblzma-devel-5.8.1-hb9d3cd8_2.conda
      - conda: https://prefix.dev/conda-forge/linux-64/libmujoco-3.3.7-h31df9c7_0.conda
      - conda: https://prefix.dev/conda-forge/linux-64/libnghttp2-1.67.0-had1ee68_0.conda
      - conda: https://prefix.dev/conda-forge/linux-64/libnsl-2.0.1-hb9d3cd8_1.conda
      - conda: https://prefix.dev/conda-forge/linux-64/libopenblas-0.3.30-openmp_hd680484_4.conda
      - conda: https://prefix.dev/conda-forge/linux-64/libsanitizer-15.2.0-h90f66d4_16.conda
      - conda: https://prefix.dev/conda-forge/linux-64/libscotch-7.0.10-int32_h8512f2c_2.conda
      - conda: https://prefix.dev/conda-forge/linux-64/libspral-2025.05.20-hfabd9d1_1.conda
      - conda: https://prefix.dev/conda-forge/linux-64/libsqlite-3.51.1-hf4e2dac_1.conda
      - conda: https://prefix.dev/conda-forge/linux-64/libssh2-1.11.1-hcf80075_0.conda
      - conda: https://prefix.dev/conda-forge/linux-64/libstdcxx-15.2.0-h934c35e_16.conda
      - conda: https://prefix.dev/conda-forge/noarch/libstdcxx-devel_linux-64-15.2.0-hd446a21_116.conda
      - conda: https://prefix.dev/conda-forge/linux-64/libstdcxx-ng-15.2.0-hdf11a46_16.conda
      - conda: https://prefix.dev/conda-forge/linux-64/libuuid-2.41.3-h5347b49_0.conda
      - conda: https://prefix.dev/conda-forge/linux-64/libuv-1.51.0-hb03c661_1.conda
      - conda: https://prefix.dev/conda-forge/linux-64/libxml2-16-2.15.1-hca6bf5a_1.conda
      - conda: https://prefix.dev/conda-forge/linux-64/libxml2-2.15.1-he237659_1.conda
      - conda: https://prefix.dev/conda-forge/linux-64/libzlib-1.3.1-hb9d3cd8_2.conda
      - conda: https://prefix.dev/conda-forge/linux-64/llvm-openmp-21.1.8-h4922eb0_0.conda
      - conda: https://prefix.dev/conda-forge/linux-64/lodepng-20220109-h924138e_0.tar.bz2
      - conda: https://prefix.dev/conda-forge/linux-64/metis-5.1.0-hd0bcaf9_1007.conda
      - conda: https://prefix.dev/conda-forge/linux-64/mumps-include-5.8.1-h1795ed4_4.conda
      - conda: https://prefix.dev/conda-forge/linux-64/mumps-seq-5.8.1-h4374b6a_4.conda
      - conda: https://prefix.dev/conda-forge/noarch/nanobind-2.8.0-pyhd8ed1ab_0.conda
      - conda: https://prefix.dev/conda-forge/linux-64/ncurses-6.5-h2d0b736_3.conda
      - conda: https://prefix.dev/conda-forge/linux-64/ninja-1.13.2-h171cf75_0.conda
      - conda: https://prefix.dev/conda-forge/linux-64/numpy-2.4.0-py312h33ff503_0.conda
      - conda: https://prefix.dev/conda-forge/linux-64/openssl-3.6.0-h26f9b46_0.conda
      - conda: https://prefix.dev/conda-forge/noarch/pip-25.3-pyh8b19718_0.conda
      - conda: https://prefix.dev/conda-forge/linux-64/python-3.12.0-hab00c5b_0_cpython.conda
      - conda: https://prefix.dev/conda-forge/noarch/python_abi-3.12-8_cp312.conda
      - conda: https://prefix.dev/conda-forge/linux-64/qhull-2020.2-h434a139_5.conda
      - conda: https://prefix.dev/conda-forge/linux-64/readline-8.3-h853b02a_0.conda
      - conda: https://prefix.dev/conda-forge/linux-64/rhash-1.4.6-hb9d3cd8_1.conda
      - conda: https://prefix.dev/conda-forge/noarch/setuptools-80.9.0-pyhff2d567_0.conda
      - conda: https://prefix.dev/conda-forge/noarch/sysroot_linux-64-2.28-h4ee821c_9.conda
      - conda: https://prefix.dev/conda-forge/linux-64/tinyxml2-11.0.0-h3f2d84a_0.conda
      - conda: https://prefix.dev/conda-forge/linux-64/tk-8.6.13-noxft_ha0e22de_103.conda
      - conda: https://prefix.dev/conda-forge/noarch/tzdata-2025c-hc9c84f9_1.conda
      - conda: https://prefix.dev/conda-forge/noarch/wheel-0.45.1-pyhd8ed1ab_1.conda
      - conda: https://prefix.dev/conda-forge/linux-64/xz-5.8.1-hbcc6ac9_2.conda
      - conda: https://prefix.dev/conda-forge/linux-64/xz-gpl-tools-5.8.1-hbcc6ac9_2.conda
      - conda: https://prefix.dev/conda-forge/linux-64/xz-tools-5.8.1-hb9d3cd8_2.conda
      - conda: https://prefix.dev/conda-forge/linux-64/zstd-1.5.7-hb78ec9c_6.conda
packages:
- conda: https://prefix.dev/conda-forge/linux-64/_openmp_mutex-4.5-7_kmp_llvm.conda
  build_number: 7
  sha256: c0cddb66070dd6355311f7667ce2acccf70d1013edaa6e97f22859502fefdb22
  md5: 887b70e1d607fba7957aa02f9ee0d939
  depends:
  - llvm-openmp >=9.0.1
  license: BSD-3-Clause
  license_family: BSD
  size: 8244
  timestamp: 1764092331208
- conda: https://prefix.dev/conda-forge/linux-64/ampl-asl-1.0.0-h5888daf_2.conda
  sha256: c5c1057778bec78e07a4a8f122c3659767817fc0a9fa034724ff931ad90af57b
  md5: ef757816a8f0fee2650b6c7e19980b6b
  depends:
  - __glibc >=2.17,<3.0.a0
  - libgcc >=13
  - libstdcxx >=13
  constrains:
  - ampl-mp >=4.0.0
  license: BSD-3-Clause AND SMLNJ
  size: 516511
  timestamp: 1732439392742
- conda: https://prefix.dev/conda-forge/linux-64/binutils_impl_linux-64-2.45-default_hfdba357_105.conda
  sha256: 17fbb32191430310d3eb8309f80a8df54f0d66eda9cf84b2ae5113e6d74e24d8
  md5: e410a8f80e22eb6d840e39ac6a34bd0e
  depends:
  - ld_impl_linux-64 2.45 default_hbd61a6d_105
  - sysroot_linux-64
  - zstd >=1.5.7,<1.6.0a0
  license: GPL-3.0-only
  license_family: GPL
  size: 3719982
  timestamp: 1766513109980
- conda: https://prefix.dev/conda-forge/linux-64/binutils_linux-64-2.45-default_h4852527_105.conda
  sha256: 0eae8088e00edc7fe7a728d64f6614d2cf17a2df010e835eccefe30bfc726759
  md5: 4b1e4ae87a52e9724a9ec0c7b822bc89
  depends:
  - binutils_impl_linux-64 2.45 default_hfdba357_105
  license: GPL-3.0-only
  license_family: GPL
  size: 36310
  timestamp: 1766513143566
- conda: https://prefix.dev/conda-forge/linux-64/bzip2-1.0.8-hda65f42_8.conda
  sha256: c30daba32ddebbb7ded490f0e371eae90f51e72db620554089103b4a6934b0d5
  md5: 51a19bba1b8ebfb60df25cde030b7ebc
  depends:
  - __glibc >=2.17,<3.0.a0
  - libgcc >=14
  license: bzip2-1.0.6
  license_family: BSD
  size: 260341
  timestamp: 1757437258798
- conda: https://prefix.dev/conda-forge/linux-64/c-ares-1.34.6-hb03c661_0.conda
  sha256: cc9accf72fa028d31c2a038460787751127317dcfa991f8d1f1babf216bb454e
  md5: 920bb03579f15389b9e512095ad995b7
  depends:
  - __glibc >=2.17,<3.0.a0
  - libgcc >=14
  license: MIT
  license_family: MIT
  size: 207882
  timestamp: 1765214722852
- conda: https://prefix.dev/conda-forge/noarch/ca-certificates-2026.1.4-hbd8a1cb_0.conda
  sha256: b5974ec9b50e3c514a382335efa81ed02b05906849827a34061c496f4defa0b2
  md5: bddacf101bb4dd0e51811cb69c7790e2
  depends:
  - __unix
  license: ISC
  size: 146519
  timestamp: 1767500828366
- conda: https://prefix.dev/conda-forge/linux-64/cmake-4.2.1-hc85cc9f_0.conda
  sha256: 655db6eddb370306d6d0ed3ac1d679ca044e45e03a43fc98cccfc5cafc341c5f
  md5: e4afa0cb7943cc9810546f70f02223d5
  depends:
  - __glibc >=2.17,<3.0.a0
  - bzip2 >=1.0.8,<2.0a0
  - libcurl >=8.17.0,<9.0a0
  - libexpat >=2.7.3,<3.0a0
  - libgcc >=14
  - liblzma >=5.8.1,<6.0a0
  - libstdcxx >=14
  - libuv >=1.51.0,<2.0a0
  - libzlib >=1.3.1,<2.0a0
  - ncurses >=6.5,<7.0a0
  - rhash >=1.4.6,<2.0a0
  - zstd >=1.5.7,<1.6.0a0
  license: BSD-3-Clause
  license_family: BSD
  size: 22303088
  timestamp: 1765229009574
- conda: https://prefix.dev/conda-forge/linux-64/gcc_impl_linux-64-15.2.0-hc5723f1_16.conda
  sha256: dfd180b9df441b57aa539dfcfcc416c804638b3bc5ec9dbb5d7bdbc009eba497
  md5: 83c672f0e373c37436953413b2272a42
  depends:
  - binutils_impl_linux-64 >=2.45
  - libgcc >=15.2.0
  - libgcc-devel_linux-64 15.2.0 hcc6f6b0_116
  - libgomp >=15.2.0
  - libsanitizer 15.2.0 h90f66d4_16
  - libstdcxx >=15.2.0
  - libstdcxx-devel_linux-64 15.2.0 hd446a21_116
  - sysroot_linux-64
  license: GPL-3.0-only WITH GCC-exception-3.1
  license_family: GPL
  size: 80309755
  timestamp: 1765256937267
- conda: https://prefix.dev/conda-forge/linux-64/gcc_linux-64-15.2.0-h862fb80_17.conda
  sha256: 7db4442af6c4abeeb156622a0ca8d04920ef8c5f26378a04818d4e6fe3cbf113
  md5: fe69a37e56063c79d2011538c1a5338e
  depends:
  - gcc_impl_linux-64 15.2.0.*
  - binutils_linux-64
  - sysroot_linux-64
  license: BSD-3-Clause
  license_family: BSD
  size: 28918
  timestamp: 1766348017160
- conda: https://prefix.dev/conda-forge/linux-64/gxx_impl_linux-64-15.2.0-hda75c37_16.conda
  sha256: 9ea9ec1595e163adb7d86828f638c70b7ff0b809093e34b1bee858bf0c80589a
  md5: 779495181670ef15f80c3e33eea6f61a
  depends:
  - gcc_impl_linux-64 15.2.0 hc5723f1_16
  - libstdcxx-devel_linux-64 15.2.0 hd446a21_116
  - sysroot_linux-64
  - tzdata
  license: GPL-3.0-only WITH GCC-exception-3.1
  license_family: GPL
  size: 16357678
  timestamp: 1765257161133
- conda: https://prefix.dev/conda-forge/linux-64/gxx_linux-64-15.2.0-h2d7d49d_17.conda
  sha256: 5881af6f095470532d04a1b0a34f7dfbd3e337bb93ba8441c669860c4431e136
  md5: 84575f6344201cb102e4c66028d1ed86
  depends:
  - gxx_impl_linux-64 15.2.0.*
  - gcc_linux-64 ==15.2.0 h862fb80_17
  - binutils_linux-64
  - sysroot_linux-64
  license: BSD-3-Clause
  license_family: BSD
  size: 27461
  timestamp: 1766348017163
- conda: https://prefix.dev/conda-forge/linux-64/icu-78.1-h33c6efd_0.conda
  sha256: 7d6463d0be5092b2ae8f2fad34dc84de83eab8bd44cc0d4be8931881c973c48f
  md5: 518e9bbbc3e3486d6a4519192ba690f8
  depends:
  - __glibc >=2.17,<3.0.a0
  - libgcc >=14
  - libstdcxx >=14
  license: MIT
  license_family: MIT
  size: 12722920
  timestamp: 1766299101259
- conda: https://prefix.dev/conda-forge/linux-64/ipopt-3.14.19-h6c08d29_1.conda
  sha256: 286f010cc1ca9f85af901b9754d2f4261cabe31324d09c6342c89779cb76f814
  md5: 9bea7f648fa5a954c9f8922619312bac
  depends:
  - __glibc >=2.17,<3.0.a0
  - ampl-asl >=1.0.0,<1.0.1.0a0
  - libblas >=3.9.0,<4.0a0
  - libgcc >=14
  - liblapack >=3.9.0,<4.0a0
  - libspral >=2025.5.20,<2025.5.21.0a0
  - libstdcxx >=14
  - mumps-seq >=5.8.1,<5.8.2.0a0
  license: EPL-1.0
  size: 1023692
  timestamp: 1755500485549
- conda: https://prefix.dev/conda-forge/noarch/kernel-headers_linux-64-4.18.0-he073ed8_9.conda
  sha256: 41557eeadf641de6aeae49486cef30d02a6912d8da98585d687894afd65b356a
  md5: 86d9cba083cd041bfbf242a01a7a1999
  constrains:
  - sysroot_linux-64 ==2.28
  license: LGPL-2.0-or-later AND LGPL-2.0-or-later WITH exceptions AND GPL-2.0-or-later
  license_family: GPL
  size: 1278712
  timestamp: 1765578681495
- conda: https://prefix.dev/conda-forge/linux-64/keyutils-1.6.3-hb9d3cd8_0.conda
  sha256: 0960d06048a7185d3542d850986d807c6e37ca2e644342dd0c72feefcf26c2a4
  md5: b38117a3c920364aff79f870c984b4a3
  depends:
  - __glibc >=2.17,<3.0.a0
  - libgcc >=13
  license: LGPL-2.1-or-later
  size: 134088
  timestamp: 1754905959823
- conda: https://prefix.dev/conda-forge/linux-64/krb5-1.21.3-h659f571_0.conda
  sha256: 99df692f7a8a5c27cd14b5fb1374ee55e756631b9c3d659ed3ee60830249b238
  md5: 3f43953b7d3fb3aaa1d0d0723d91e368
  depends:
  - keyutils >=1.6.1,<2.0a0
  - libedit >=3.1.20191231,<3.2.0a0
  - libedit >=3.1.20191231,<4.0a0
  - libgcc-ng >=12
  - libstdcxx-ng >=12
  - openssl >=3.3.1,<4.0a0
  license: MIT
  license_family: MIT
  size: 1370023
  timestamp: 1719463201255
- conda: https://prefix.dev/conda-forge/linux-64/ld_impl_linux-64-2.45-default_hbd61a6d_105.conda
  sha256: 1027bd8aa0d5144e954e426ab6218fd5c14e54a98f571985675468b339c808ca
  md5: 3ec0aa5037d39b06554109a01e6fb0c6
  depends:
  - __glibc >=2.17,<3.0.a0
  - zstd >=1.5.7,<1.6.0a0
  constrains:
  - binutils_impl_linux-64 2.45
  license: GPL-3.0-only
  license_family: GPL
  size: 730831
  timestamp: 1766513089214
- conda: https://prefix.dev/conda-forge/linux-64/libblas-3.11.0-5_h4a7cf45_openblas.conda
  build_number: 5
  sha256: 18c72545080b86739352482ba14ba2c4815e19e26a7417ca21a95b76ec8da24c
  md5: c160954f7418d7b6e87eaf05a8913fa9
  depends:
  - libopenblas >=0.3.30,<0.3.31.0a0
  - libopenblas >=0.3.30,<1.0a0
  constrains:
  - mkl <2026
  - liblapack  3.11.0   5*_openblas
  - libcblas   3.11.0   5*_openblas
  - blas 2.305   openblas
  - liblapacke 3.11.0   5*_openblas
  license: BSD-3-Clause
  license_family: BSD
  size: 18213
  timestamp: 1765818813880
- conda: https://prefix.dev/conda-forge/linux-64/libcblas-3.11.0-5_h0358290_openblas.conda
  build_number: 5
  sha256: 0cbdcc67901e02dc17f1d19e1f9170610bd828100dc207de4d5b6b8ad1ae7ad8
  md5: 6636a2b6f1a87572df2970d3ebc87cc0
  depends:
  - libblas 3.11.0 5_h4a7cf45_openblas
  constrains:
  - liblapacke 3.11.0   5*_openblas
  - blas 2.305   openblas
  - liblapack  3.11.0   5*_openblas
  license: BSD-3-Clause
  license_family: BSD
  size: 18194
  timestamp: 1765818837135
- conda: https://prefix.dev/conda-forge/linux-64/libccd-double-2.1-h59595ed_3.conda
  sha256: 4695ce68eda595b4f53146bea1096a9f2e0d33290618ba83a246b5ed8871ebc9
  md5: 6a3d962d34385e0a511b859d679f6ea2
  depends:
  - libgcc-ng >=12
  - libstdcxx-ng >=12
  constrains:
  - libccd <1
  license: BSD-3-Clause
  license_family: BSD
  size: 36171
  timestamp: 1687341825064
- conda: https://prefix.dev/conda-forge/linux-64/libcurl-8.17.0-h4e3cde8_1.conda
  sha256: 2d7be2fe0f58a0945692abee7bb909f8b19284b518d958747e5ff51d0655c303
  md5: 117499f93e892ea1e57fdca16c2e8351
  depends:
  - __glibc >=2.17,<3.0.a0
  - krb5 >=1.21.3,<1.22.0a0
  - libgcc >=14
  - libnghttp2 >=1.67.0,<2.0a0
  - libssh2 >=1.11.1,<2.0a0
  - libzlib >=1.3.1,<2.0a0
  - openssl >=3.5.4,<4.0a0
  - zstd >=1.5.7,<1.6.0a0
  license: curl
  license_family: MIT
  size: 459417
  timestamp: 1765379027010
- conda: https://prefix.dev/conda-forge/linux-64/libedit-3.1.20250104-pl5321h7949ede_0.conda
  sha256: d789471216e7aba3c184cd054ed61ce3f6dac6f87a50ec69291b9297f8c18724
  md5: c277e0a4d549b03ac1e9d6cbbe3d017b
  depends:
  - ncurses
  - __glibc >=2.17,<3.0.a0
  - libgcc >=13
  - ncurses >=6.5,<7.0a0
  license: BSD-2-Clause
  license_family: BSD
  size: 134676
  timestamp: 1738479519902
- conda: https://prefix.dev/conda-forge/linux-64/libev-4.33-hd590300_2.conda
  sha256: 1cd6048169fa0395af74ed5d8f1716e22c19a81a8a36f934c110ca3ad4dd27b4
  md5: 172bf1cd1ff8629f2b1179945ed45055
  depends:
  - libgcc-ng >=12
  license: BSD-2-Clause
  license_family: BSD
  size: 112766
  timestamp: 1702146165126
- conda: https://prefix.dev/conda-forge/linux-64/libexpat-2.7.3-hecca717_0.conda
  sha256: 1e1b08f6211629cbc2efe7a5bca5953f8f6b3cae0eeb04ca4dacee1bd4e2db2f
  md5: 8b09ae86839581147ef2e5c5e229d164
  depends:
  - __glibc >=2.17,<3.0.a0
  - libgcc >=14
  constrains:
  - expat 2.7.3.*
  license: MIT
  license_family: MIT
  size: 76643
  timestamp: 1763549731408
- conda: https://prefix.dev/conda-forge/linux-64/libffi-3.5.2-h9ec8514_0.conda
  sha256: 25cbdfa65580cfab1b8d15ee90b4c9f1e0d72128f1661449c9a999d341377d54
  md5: 35f29eec58405aaf55e01cb470d8c26a
  depends:
  - __glibc >=2.17,<3.0.a0
  - libgcc >=14
  license: MIT
  license_family: MIT
  size: 57821
  timestamp: 1760295480630
- conda: https://prefix.dev/conda-forge/linux-64/libgcc-15.2.0-he0feb66_16.conda
  sha256: 6eed58051c2e12b804d53ceff5994a350c61baf117ec83f5f10c953a3f311451
  md5: 6d0363467e6ed84f11435eb309f2ff06
  depends:
  - __glibc >=2.17,<3.0.a0
  - _openmp_mutex >=4.5
  constrains:
  - libgcc-ng ==15.2.0=*_16
  - libgomp 15.2.0 he0feb66_16
  license: GPL-3.0-only WITH GCC-exception-3.1
  license_family: GPL
  size: 1042798
  timestamp: 1765256792743
- conda: https://prefix.dev/conda-forge/noarch/libgcc-devel_linux-64-15.2.0-hcc6f6b0_116.conda
  sha256: 48d7d8dded34100d9065d1c0df86a11ab2cd8ddfd1590512b304527ed25b6d93
  md5: e67832fdbf2382757205bb4b38800643
  depends:
  - __unix
  license: GPL-3.0-only WITH GCC-exception-3.1
  license_family: GPL
  size: 3094906
  timestamp: 1765256682321
- conda: https://prefix.dev/conda-forge/linux-64/libgcc-ng-15.2.0-h69a702a_16.conda
  sha256: 5f07f9317f596a201cc6e095e5fc92621afca64829785e483738d935f8cab361
  md5: 5a68259fac2da8f2ee6f7bfe49c9eb8b
  depends:
  - libgcc 15.2.0 he0feb66_16
  license: GPL-3.0-only WITH GCC-exception-3.1
  license_family: GPL
  size: 27256
  timestamp: 1765256804124
- conda: https://prefix.dev/conda-forge/linux-64/libgfortran-15.2.0-h69a702a_16.conda
  sha256: 8a7b01e1ee1c462ad243524d76099e7174ebdd94ff045fe3e9b1e58db196463b
  md5: 40d9b534410403c821ff64f00d0adc22
  depends:
  - libgfortran5 15.2.0 h68bc16d_16
  constrains:
  - libgfortran-ng ==15.2.0=*_16
  license: GPL-3.0-only WITH GCC-exception-3.1
  license_family: GPL
  size: 27215
  timestamp: 1765256845586
- conda: https://prefix.dev/conda-forge/linux-64/libgfortran5-15.2.0-h68bc16d_16.conda
  sha256: d0e974ebc937c67ae37f07a28edace978e01dc0f44ee02f29ab8a16004b8148b
  md5: 39183d4e0c05609fd65f130633194e37
  depends:
  - __glibc >=2.17,<3.0.a0
  - libgcc >=15.2.0
  constrains:
  - libgfortran 15.2.0
  license: GPL-3.0-only WITH GCC-exception-3.1
  license_family: GPL
  size: 2480559
  timestamp: 1765256819588
- conda: https://prefix.dev/conda-forge/linux-64/libgomp-15.2.0-he0feb66_16.conda
  sha256: 5b3e5e4e9270ecfcd48f47e3a68f037f5ab0f529ccb223e8e5d5ac75a58fc687
  md5: 26c46f90d0e727e95c6c9498a33a09f3
  depends:
  - __glibc >=2.17,<3.0.a0
  license: GPL-3.0-only WITH GCC-exception-3.1
  license_family: GPL
  size: 603284
  timestamp: 1765256703881
- conda: https://prefix.dev/conda-forge/linux-64/libhwloc-2.12.1-default_hafda6a7_1003.conda
  sha256: b9e6340da35245d5f3b7b044b4070b4980809d340bddf16c942a97a83f146aa4
  md5: 4fe840c6d6b3719b4231ed89d389bb17
  depends:
  - __glibc >=2.17,<3.0.a0
  - libgcc >=14
  - libstdcxx >=14
  - libxml2
  - libxml2-16 >=2.14.6
  license: BSD-3-Clause
  license_family: BSD
  size: 2449346
  timestamp: 1765089858592
- conda: https://prefix.dev/conda-forge/linux-64/libiconv-1.18-h3b78370_2.conda
  sha256: c467851a7312765447155e071752d7bf9bf44d610a5687e32706f480aad2833f
  md5: 915f5995e94f60e9a4826e0b0920ee88
  depends:
  - __glibc >=2.17,<3.0.a0
  - libgcc >=14
  license: LGPL-2.1-only
  size: 790176
  timestamp: 1754908768807
- conda: https://prefix.dev/conda-forge/linux-64/liblapack-3.11.0-5_h47877c9_openblas.conda
  build_number: 5
  sha256: c723b6599fcd4c6c75dee728359ef418307280fa3e2ee376e14e85e5bbdda053
  md5: b38076eb5c8e40d0106beda6f95d7609
  depends:
  - libblas 3.11.0 5_h4a7cf45_openblas
  constrains:
  - blas 2.305   openblas
  - liblapacke 3.11.0   5*_openblas
  - libcblas   3.11.0   5*_openblas
  license: BSD-3-Clause
  license_family: BSD
  size: 18200
  timestamp: 1765818857876
- conda: https://prefix.dev/conda-forge/linux-64/liblzma-5.8.1-hb9d3cd8_2.conda
  sha256: f2591c0069447bbe28d4d696b7fcb0c5bd0b4ac582769b89addbcf26fb3430d8
  md5: 1a580f7796c7bf6393fddb8bbbde58dc
  depends:
  - __glibc >=2.17,<3.0.a0
  - libgcc >=13
  constrains:
  - xz 5.8.1.*
  license: 0BSD
  size: 112894
  timestamp: 1749230047870
- conda: https://prefix.dev/conda-forge/linux-64/liblzma-devel-5.8.1-hb9d3cd8_2.conda
  sha256: 329e66330a8f9cbb6a8d5995005478188eb4ba8a6b6391affa849744f4968492
  md5: f61edadbb301530bd65a32646bd81552
  depends:
  - __glibc >=2.17,<3.0.a0
  - libgcc >=13
  - liblzma 5.8.1 hb9d3cd8_2
  license: 0BSD
  size: 439868
  timestamp: 1749230061968
- conda: https://prefix.dev/conda-forge/linux-64/libmujoco-3.3.7-h31df9c7_0.conda
  sha256: 76fcdbd87dc2ec7aaebb826e67d62c22a690d7284f963c0dc1df22d16bf5ed70
  md5: 1a0d21980360c27718f7729fe6c3f08d
  depends:
  - __glibc >=2.17,<3.0.a0
  - libgcc >=14
  - libstdcxx >=14
  - libgcc >=14
  - tinyxml2 >=11.0.0,<11.1.0a0
  - lodepng >=20220109,<20220110.0a0
  - qhull >=2020.2,<2020.3.0a0
  - libccd-double >=2.1,<2.2.0a0
  constrains:
  - mujoco-cxx <0
  license: Apache-2.0
  license_family: APACHE
  size: 10944587
  timestamp: 1763363882992
- conda: https://prefix.dev/conda-forge/linux-64/libnghttp2-1.67.0-had1ee68_0.conda
  sha256: a4a7dab8db4dc81c736e9a9b42bdfd97b087816e029e221380511960ac46c690
  md5: b499ce4b026493a13774bcf0f4c33849
  depends:
  - __glibc >=2.17,<3.0.a0
  - c-ares >=1.34.5,<2.0a0
  - libev >=4.33,<4.34.0a0
  - libev >=4.33,<5.0a0
  - libgcc >=14
  - libstdcxx >=14
  - libzlib >=1.3.1,<2.0a0
  - openssl >=3.5.2,<4.0a0
  license: MIT
  license_family: MIT
  size: 666600
  timestamp: 1756834976695
- conda: https://prefix.dev/conda-forge/linux-64/libnsl-2.0.1-hb9d3cd8_1.conda
  sha256: 927fe72b054277cde6cb82597d0fcf6baf127dcbce2e0a9d8925a68f1265eef5
  md5: d864d34357c3b65a4b731f78c0801dc4
  depends:
  - __glibc >=2.17,<3.0.a0
  - libgcc >=13
  license: LGPL-2.1-only
  license_family: GPL
  size: 33731
  timestamp: 1750274110928
- conda: https://prefix.dev/conda-forge/linux-64/libopenblas-0.3.30-openmp_hd680484_4.conda
  sha256: d82311c4bcf0cbd7af192ec707520c7a7486926e23387afac513cd51e41f463d
  md5: c0512e4f60d62ccccb4c3c8333b33608
  depends:
  - __glibc >=2.17,<3.0.a0
  - _openmp_mutex * *_llvm
  - _openmp_mutex >=4.5
  - libgcc >=14
  - libgfortran
  - libgfortran5 >=14.3.0
  - llvm-openmp >=21.1.5
  constrains:
  - openblas >=0.3.30,<0.3.31.0a0
  track_features:
  - openblas_threading_openmp
  license: BSD-3-Clause
  license_family: BSD
  size: 5938927
  timestamp: 1763114790623
- conda: https://prefix.dev/conda-forge/linux-64/libsanitizer-15.2.0-h90f66d4_16.conda
  sha256: 50d8082749e760454fb1489c2a47c6fa80cbf3893ec1c1a085747d46484ffd7f
  md5: 0841a98bda756af037eb07d36cacada5
  depends:
  - __glibc >=2.17,<3.0.a0
  - libgcc >=15.2.0
  - libstdcxx >=15.2.0
  license: GPL-3.0-only WITH GCC-exception-3.1
  license_family: GPL
  size: 7660762
  timestamp: 1765256861607
- conda: https://prefix.dev/conda-forge/linux-64/libscotch-7.0.10-int32_h8512f2c_2.conda
  sha256: cc071fb48c78d26b2ebc583809d62a8e9fb8bd04db3fd96361ffac9127fd6245
  md5: dc1519e1ad20cda94f6c0fd4719d3413
  depends:
  - __glibc >=2.17,<3.0.a0
  - bzip2 >=1.0.8,<2.0a0
  - libgcc >=14
  - libgfortran
  - libgfortran5 >=14.3.0
  - liblzma >=5.8.1,<6.0a0
  - libzlib >=1.3.1,<2.0a0
  license: CECILL-C
  size: 360457
  timestamp: 1763423761674
- conda: https://prefix.dev/conda-forge/linux-64/libspral-2025.05.20-hfabd9d1_1.conda
  sha256: c9faa24e14ecdcf666b79fab8961c93562d20626c473a5df108b5c17e8873ab2
  md5: 9f54808199531c466b437215d8dd5c29
  depends:
  - __glibc >=2.17,<3.0.a0
  - _openmp_mutex >=4.5
  - libblas >=3.9.0,<4.0a0
  - libcblas >=3.9.0,<4.0a0
  - libgcc >=14
  - libgfortran
  - libgfortran5 >=14.3.0
  - libhwloc >=2.12.1,<2.12.2.0a0
  - liblapack >=3.9.0,<4.0a0
  - libstdcxx >=14
  - libzlib >=1.3.1,<2.0a0
  - metis >=5.1.0,<5.1.1.0a0
  license: BSD-3-Clause
  license_family: BSD
  size: 360447
  timestamp: 1756123740608
- conda: https://prefix.dev/conda-forge/linux-64/libsqlite-3.51.1-hf4e2dac_1.conda
  sha256: d614540c55f22ad555633f75e174089018ddfc65c49f447f7bbdbc3c3013bec1
  md5: b1f35e70f047918b49fb4b181e40300e
  depends:
  - __glibc >=2.17,<3.0.a0
  - icu >=78.1,<79.0a0
  - libgcc >=14
  - libzlib >=1.3.1,<2.0a0
  license: blessing
  size: 943451
  timestamp: 1766319676469
- conda: https://prefix.dev/conda-forge/linux-64/libssh2-1.11.1-hcf80075_0.conda
  sha256: fa39bfd69228a13e553bd24601332b7cfeb30ca11a3ca50bb028108fe90a7661
  md5: eecce068c7e4eddeb169591baac20ac4
  depends:
  - __glibc >=2.17,<3.0.a0
  - libgcc >=13
  - libzlib >=1.3.1,<2.0a0
  - openssl >=3.5.0,<4.0a0
  license: BSD-3-Clause
  license_family: BSD
  size: 304790
  timestamp: 1745608545575
- conda: https://prefix.dev/conda-forge/linux-64/libstdcxx-15.2.0-h934c35e_16.conda
  sha256: 813427918316a00c904723f1dfc3da1bbc1974c5cfe1ed1e704c6f4e0798cbc6
  md5: 68f68355000ec3f1d6f26ea13e8f525f
  depends:
  - __glibc >=2.17,<3.0.a0
  - libgcc 15.2.0 he0feb66_16
  constrains:
  - libstdcxx-ng ==15.2.0=*_16
  license: GPL-3.0-only WITH GCC-exception-3.1
  license_family: GPL
  size: 5856456
  timestamp: 1765256838573
- conda: https://prefix.dev/conda-forge/noarch/libstdcxx-devel_linux-64-15.2.0-hd446a21_116.conda
  sha256: cb331c51739cc68257c7d7eef0e29c355b46b2d72f630854506dbc99240057c1
  md5: 2730e07e576ffbd7bf13f8de34835d41
  depends:
  - __unix
  license: GPL-3.0-only WITH GCC-exception-3.1
  license_family: GPL
  size: 20763949
  timestamp: 1765256724565
- conda: https://prefix.dev/conda-forge/linux-64/libstdcxx-ng-15.2.0-hdf11a46_16.conda
  sha256: 81f2f246c7533b41c5e0c274172d607829019621c4a0823b5c0b4a8c7028ee84
  md5: 1b3152694d236cf233b76b8c56bf0eae
  depends:
  - libstdcxx 15.2.0 h934c35e_16
  license: GPL-3.0-only WITH GCC-exception-3.1
  license_family: GPL
  size: 27300
  timestamp: 1765256885128
- conda: https://prefix.dev/conda-forge/linux-64/libuuid-2.41.3-h5347b49_0.conda
  sha256: 1a7539cfa7df00714e8943e18de0b06cceef6778e420a5ee3a2a145773758aee
  md5: db409b7c1720428638e7c0d509d3e1b5
  depends:
  - __glibc >=2.17,<3.0.a0
  - libgcc >=14
  license: BSD-3-Clause
  license_family: BSD
  size: 40311
  timestamp: 1766271528534
- conda: https://prefix.dev/conda-forge/linux-64/libuv-1.51.0-hb03c661_1.conda
  sha256: c180f4124a889ac343fc59d15558e93667d894a966ec6fdb61da1604481be26b
  md5: 0f03292cc56bf91a077a134ea8747118
  depends:
  - __glibc >=2.17,<3.0.a0
  - libgcc >=14
  license: MIT
  license_family: MIT
  size: 895108
  timestamp: 1753948278280
- conda: https://prefix.dev/conda-forge/linux-64/libxml2-2.15.1-he237659_1.conda
  sha256: 047be059033c394bd32ae5de66ce389824352120b3a7c0eff980195f7ed80357
  md5: 417955234eccd8f252b86a265ccdab7f
  depends:
  - __glibc >=2.17,<3.0.a0
  - icu >=78.1,<79.0a0
  - libgcc >=14
  - libiconv >=1.18,<2.0a0
  - liblzma >=5.8.1,<6.0a0
  - libxml2-16 2.15.1 hca6bf5a_1
  - libzlib >=1.3.1,<2.0a0
  license: MIT
  license_family: MIT
  size: 45402
  timestamp: 1766327161688
- conda: https://prefix.dev/conda-forge/linux-64/libxml2-16-2.15.1-hca6bf5a_1.conda
  sha256: 8331284bf9ae641b70cdc0e5866502dd80055fc3b9350979c74bb1d192e8e09e
  md5: 3fdd8d99683da9fe279c2f4cecd1e048
  depends:
  - __glibc >=2.17,<3.0.a0
  - icu >=78.1,<79.0a0
  - libgcc >=14
  - libiconv >=1.18,<2.0a0
  - liblzma >=5.8.1,<6.0a0
  - libzlib >=1.3.1,<2.0a0
  constrains:
  - libxml2 2.15.1
  license: MIT
  license_family: MIT
  size: 555747
  timestamp: 1766327145986
- conda: https://prefix.dev/conda-forge/linux-64/libzlib-1.3.1-hb9d3cd8_2.conda
  sha256: d4bfe88d7cb447768e31650f06257995601f89076080e76df55e3112d4e47dc4
  md5: edb0dca6bc32e4f4789199455a1dbeb8
  depends:
  - __glibc >=2.17,<3.0.a0
  - libgcc >=13
  constrains:
  - zlib 1.3.1 *_2
  license: Zlib
  license_family: Other
  size: 60963
  timestamp: 1727963148474
- conda: https://prefix.dev/conda-forge/linux-64/llvm-openmp-21.1.8-h4922eb0_0.conda
  sha256: a5a7ad16eecbe35cac63e529ea9c261bef4ccdd68cb1db247409f04529423989
  md5: f8640b709b37dc7758ddce45ea18d000
  depends:
  - __glibc >=2.17,<3.0.a0
  constrains:
  - intel-openmp <0.0a0
  - openmp 21.1.8|21.1.8.*
  license: Apache-2.0 WITH LLVM-exception
  license_family: APACHE
  size: 6127279
  timestamp: 1765964409311
- conda: https://prefix.dev/conda-forge/linux-64/lodepng-20220109-h924138e_0.tar.bz2
  sha256: 31f9bf8dfa2a6f1eb1c47e48e57b7a2b0ef25d0df18741cc3e4abd0fe076bb1d
  md5: 6d6c59898d7a764ff90bb1147e234056
  depends:
  - libgcc-ng >=12
  - libstdcxx-ng >=12
  license: Zlib
  size: 102103
  timestamp: 1654538581172
- conda: https://prefix.dev/conda-forge/linux-64/metis-5.1.0-hd0bcaf9_1007.conda
  sha256: e8a00971e6d00bd49f375c5d8d005b37a9abba0b1768533aed0f90a422bf5cc7
  md5: 28eb714416de4eb83e2cbc47e99a1b45
  depends:
  - __glibc >=2.17,<3.0.a0
  - libgcc >=13
  - libstdcxx >=13
  license: Apache-2.0
  license_family: APACHE
  size: 3923560
  timestamp: 1728064567817
- conda: https://prefix.dev/conda-forge/linux-64/mumps-include-5.8.1-h1795ed4_4.conda
  sha256: 0abe54874dc8b4751e599b7310abbafbe35cd6c49eab80287fcbbefb8d2a2ff1
  md5: ea5ef10a7cab2db49b594285e135ab96
  license: CECILL-C
  size: 19751
  timestamp: 1759596375796
- conda: https://prefix.dev/conda-forge/linux-64/mumps-seq-5.8.1-h4374b6a_4.conda
  sha256: 5fb7c097e21948bfe0935e82ded7c8617d305420fe59270f4409f90289193768
  md5: fe5cc261c431673f2cd35f78a5b43d95
  depends:
  - mumps-include ==5.8.1 h1795ed4_4
  - __glibc >=2.17,<3.0.a0
  - libgcc >=14
  - libgfortran5 >=14.3.0
  - libgfortran
  - libgcc >=14
  - _openmp_mutex >=4.5
  - libscotch >=7.0.10,<7.0.11.0a0
  - libscotch * int32_*
  - libblas >=3.9.0,<4.0a0
  - metis >=5.1.0,<5.1.1.0a0
  - liblapack >=3.9.0,<4.0a0
  constrains:
  - libopenblas * *openmp*
  license: CECILL-C
  size: 2709352
  timestamp: 1759596375796
- conda: https://prefix.dev/conda-forge/noarch/nanobind-2.8.0-pyhd8ed1ab_0.conda
  sha256: c617937441363b37d2f1c282eab596d731fcee3b65258e5c2a0d034e51c5a4e4
  md5: 33c4db4fbbb67c94547d7dcba246333e
  depends:
  - python >=3.9
  constrains:
  - nanobind-abi ==16
  license: BSD-3-Clause
  license_family: BSD
  size: 178408
  timestamp: 1752677313288
- conda: https://prefix.dev/conda-forge/linux-64/ncurses-6.5-h2d0b736_3.conda
  sha256: 3fde293232fa3fca98635e1167de6b7c7fda83caf24b9d6c91ec9eefb4f4d586
  md5: 47e340acb35de30501a76c7c799c41d7
  depends:
  - __glibc >=2.17,<3.0.a0
  - libgcc >=13
  license: X11 AND BSD-3-Clause
  size: 891641
  timestamp: 1738195959188
- conda: https://prefix.dev/conda-forge/linux-64/ninja-1.13.2-h171cf75_0.conda
  sha256: 6f7d59dbec0a7b00bf5d103a4306e8886678b796ff2151b62452d4582b2a53fb
  md5: b518e9e92493721281a60fa975bddc65
  depends:
  - libstdcxx >=14
  - libgcc >=14
  - __glibc >=2.17,<3.0.a0
  license: Apache-2.0
  license_family: APACHE
  size: 186323
  timestamp: 1763688260928
- conda: https://prefix.dev/conda-forge/linux-64/numpy-2.4.0-py312h33ff503_0.conda
  sha256: 3e6cf18f30c2dcd3a4d1a388157007deb1fbd09ea6916dc59938c872a261858e
  md5: 4ba148299453b88d8fa9b6351eaa0df8
  depends:
  - python
  - libgcc >=14
  - libstdcxx >=14
  - __glibc >=2.17,<3.0.a0
  - liblapack >=3.9.0,<4.0a0
  - libcblas >=3.9.0,<4.0a0
  - python_abi 3.12.* *_cp312
  - libblas >=3.9.0,<4.0a0
  constrains:
  - numpy-base <0a0
  license: BSD-3-Clause
  license_family: BSD
  size: 8752159
  timestamp: 1766373912985
- conda: https://prefix.dev/conda-forge/linux-64/openssl-3.6.0-h26f9b46_0.conda
  sha256: a47271202f4518a484956968335b2521409c8173e123ab381e775c358c67fe6d
  md5: 9ee58d5c534af06558933af3c845a780
  depends:
  - __glibc >=2.17,<3.0.a0
  - ca-certificates
  - libgcc >=14
  license: Apache-2.0
  license_family: Apache
  size: 3165399
  timestamp: 1762839186699
- conda: https://prefix.dev/conda-forge/noarch/pip-25.3-pyh8b19718_0.conda
  sha256: b67692da1c0084516ac1c9ada4d55eaf3c5891b54980f30f3f444541c2706f1e
  md5: c55515ca43c6444d2572e0f0d93cb6b9
  depends:
  - python >=3.10,<3.13.0a0
  - setuptools
  - wheel
  license: MIT
  license_family: MIT
  size: 1177534
  timestamp: 1762776258783
- conda: https://prefix.dev/conda-forge/linux-64/python-3.12.0-hab00c5b_0_cpython.conda
  sha256: 5398ebae6a1ccbfd3f76361eac75f3ac071527a8072627c4bf9008c689034f48
  md5: 7f97faab5bebcc2580f4f299285323da
  depends:
  - bzip2 >=1.0.8,<2.0a0
  - ld_impl_linux-64 >=2.36.1
  - libexpat >=2.5.0,<3.0a0
  - libffi >=3.4,<4.0a0
  - libgcc-ng >=12
  - libnsl >=2.0.0,<2.1.0a0
  - libsqlite >=3.43.0,<4.0a0
  - libuuid >=2.38.1,<3.0a0
  - libzlib >=1.2.13,<2.0.0a0
  - ncurses >=6.4,<7.0a0
  - openssl >=3.1.3,<4.0a0
  - readline >=8.2,<9.0a0
  - tk >=8.6.13,<8.7.0a0
  - tzdata
  - xz >=5.2.6,<6.0a0
  constrains:
  - python_abi 3.12.* *_cp312
  license: Python-2.0
  size: 32123473
  timestamp: 1696324522323
- conda: https://prefix.dev/conda-forge/noarch/python_abi-3.12-8_cp312.conda
  build_number: 8
  sha256: 80677180dd3c22deb7426ca89d6203f1c7f1f256f2d5a94dc210f6e758229809
  md5: c3efd25ac4d74b1584d2f7a57195ddf1
  constrains:
  - python 3.12.* *_cpython
  license: BSD-3-Clause
  license_family: BSD
  size: 6958
  timestamp: 1752805918820
- conda: https://prefix.dev/conda-forge/linux-64/qhull-2020.2-h434a139_5.conda
  sha256: 776363493bad83308ba30bcb88c2552632581b143e8ee25b1982c8c743e73abc
  md5: 353823361b1d27eb3960efb076dfcaf6
  depends:
  - __glibc >=2.17,<3.0.a0
  - libgcc-ng >=12
  - libstdcxx-ng >=12
  license: LicenseRef-Qhull
  size: 552937
  timestamp: 1720813982144
- conda: https://prefix.dev/conda-forge/linux-64/readline-8.3-h853b02a_0.conda
  sha256: 12ffde5a6f958e285aa22c191ca01bbd3d6e710aa852e00618fa6ddc59149002
  md5: d7d95fc8287ea7bf33e0e7116d2b95ec
  depends:
  - __glibc >=2.17,<3.0.a0
  - libgcc >=14
  - ncurses >=6.5,<7.0a0
  license: GPL-3.0-only
  license_family: GPL
  size: 345073
  timestamp: 1765813471974
- conda: https://prefix.dev/conda-forge/linux-64/rhash-1.4.6-hb9d3cd8_1.conda
  sha256: d5c73079c1dd2c2a313c3bfd81c73dbd066b7eb08d213778c8bff520091ae894
  md5: c1c9b02933fdb2cfb791d936c20e887e
  depends:
  - __glibc >=2.17,<3.0.a0
  - libgcc >=13
  license: MIT
  license_family: MIT
  size: 193775
  timestamp: 1748644872902
- conda: https://prefix.dev/conda-forge/noarch/setuptools-80.9.0-pyhff2d567_0.conda
  sha256: 972560fcf9657058e3e1f97186cc94389144b46dbdf58c807ce62e83f977e863
  md5: 4de79c071274a53dcaf2a8c749d1499e
  depends:
  - python >=3.9
  license: MIT
  license_family: MIT
  size: 748788
  timestamp: 1748804951958
- conda: https://prefix.dev/conda-forge/noarch/sysroot_linux-64-2.28-h4ee821c_9.conda
  sha256: c47299fe37aebb0fcf674b3be588e67e4afb86225be4b0d452c7eb75c086b851
  md5: 13dc3adbc692664cd3beabd216434749
  depends:
  - __glibc >=2.28
  - kernel-headers_linux-64 4.18.0 he073ed8_9
  - tzdata
  license: LGPL-2.0-or-later AND LGPL-2.0-or-later WITH exceptions AND GPL-2.0-or-later
  license_family: GPL
  size: 24008591
  timestamp: 1765578833462
- conda: https://prefix.dev/conda-forge/linux-64/tinyxml2-11.0.0-h3f2d84a_0.conda
  sha256: 3ae98c2ca54928b2c72dbb4bd8ea229d3c865ad39367d377908294d9fb1e6f2c
  md5: aeb0b91014ac8c5d468e32b7a5ce8ac2
  depends:
  - __glibc >=2.17,<3.0.a0
  - libgcc >=13
  - libstdcxx >=13
  - libgcc >=13
  license: Zlib
  size: 131351
  timestamp: 1742246125630
- conda: https://prefix.dev/conda-forge/linux-64/tk-8.6.13-noxft_ha0e22de_103.conda
  sha256: 1544760538a40bcd8ace2b1d8ebe3eb5807ac268641f8acdc18c69c5ebfeaf64
  md5: 86bc20552bf46075e3d92b67f089172d
  depends:
  - __glibc >=2.17,<3.0.a0
  - libgcc >=13
  - libzlib >=1.3.1,<2.0a0
  constrains:
  - xorg-libx11 >=1.8.12,<2.0a0
  license: TCL
  license_family: BSD
  size: 3284905
  timestamp: 1763054914403
- conda: https://prefix.dev/conda-forge/noarch/tzdata-2025c-hc9c84f9_1.conda
  sha256: 1d30098909076af33a35017eed6f2953af1c769e273a0626a04722ac4acaba3c
  md5: ad659d0a2b3e47e38d829aa8cad2d610
  license: LicenseRef-Public-Domain
  size: 119135
  timestamp: 1767016325805
- conda: https://prefix.dev/conda-forge/noarch/wheel-0.45.1-pyhd8ed1ab_1.conda
  sha256: 1b34021e815ff89a4d902d879c3bd2040bc1bd6169b32e9427497fa05c55f1ce
  md5: 75cb7132eb58d97896e173ef12ac9986
  depends:
  - python >=3.9
  license: MIT
  license_family: MIT
  size: 62931
  timestamp: 1733130309598
- conda: https://prefix.dev/conda-forge/linux-64/xz-5.8.1-hbcc6ac9_2.conda
  sha256: 802725371682ea06053971db5b4fb7fbbcaee9cb1804ec688f55e51d74660617
  md5: 68eae977d7d1196d32b636a026dc015d
  depends:
  - __glibc >=2.17,<3.0.a0
  - libgcc >=13
  - liblzma 5.8.1 hb9d3cd8_2
  - liblzma-devel 5.8.1 hb9d3cd8_2
  - xz-gpl-tools 5.8.1 hbcc6ac9_2
  - xz-tools 5.8.1 hb9d3cd8_2
  license: 0BSD AND LGPL-2.1-or-later AND GPL-2.0-or-later
  size: 23987
  timestamp: 1749230104359
- conda: https://prefix.dev/conda-forge/linux-64/xz-gpl-tools-5.8.1-hbcc6ac9_2.conda
  sha256: 840838dca829ec53f1160f3fca6dbfc43f2388b85f15d3e867e69109b168b87b
  md5: bf627c16aa26231720af037a2709ab09
  depends:
  - __glibc >=2.17,<3.0.a0
  - libgcc >=13
  - liblzma 5.8.1 hb9d3cd8_2
  constrains:
  - xz 5.8.1.*
  license: 0BSD AND LGPL-2.1-or-later AND GPL-2.0-or-later
  size: 33911
  timestamp: 1749230090353
- conda: https://prefix.dev/conda-forge/linux-64/xz-tools-5.8.1-hb9d3cd8_2.conda
  sha256: 58034f3fca491075c14e61568ad8b25de00cb3ae479de3e69be6d7ee5d3ace28
  md5: 1bad2995c8f1c8075c6c331bf96e46fb
  depends:
  - __glibc >=2.17,<3.0.a0
  - libgcc >=13
  - liblzma 5.8.1 hb9d3cd8_2
  constrains:
  - xz 5.8.1.*
  license: 0BSD AND LGPL-2.1-or-later
  size: 96433
  timestamp: 1749230076687
- conda: https://prefix.dev/conda-forge/linux-64/zstd-1.5.7-hb78ec9c_6.conda
  sha256: 68f0206ca6e98fea941e5717cec780ed2873ffabc0e1ed34428c061e2c6268c7
  md5: 4a13eeac0b5c8e5b8ab496e6c4ddd829
  depends:
  - __glibc >=2.17,<3.0.a0
  - libzlib >=1.3.1,<2.0a0
  license: BSD-3-Clause
  license_family: BSD
  size: 601375
  timestamp: 1764777111296
